{
  "originHash" : "315db6adda953333f4ba58ca818b11ea1b0e8077d70b5c5604d9ccf1af7c1d38",
  "pins" : [
    {
      "identity" : "linphone-sdk-swift-ios",
      "kind" : "remoteSourceControl",
      "location" : "https://gitlab.linphone.org/BC/public/linphone-sdk-swift-ios.git",
      "state" : {
        "revision" : "e449f54df7d871f608bb1c37d3bac23d17b80642",
        "version" : "5.5.19"
      }
    }
  ],
  "version" : 3
}
